Microsoft Visual Studio Solution File, Format Version 12.00
# Visual Studio Version 17
VisualStudioVersion = 17.5.2.0
MinimumVisualStudioVersion = 10.0.40219.1
Project("{FAE04EC0-301F-11D3-BF4B-00C04F79EFBC}") = "nmergi", "nmergi.csproj", "{323E7B87-49EF-53EE-95B3-FCD217DF064B}"
EndProject
Global
	GlobalSection(SolutionConfigurationPlatforms) = preSolution
		Debug|Any CPU = Debug|Any CPU
		Release|Any CPU = Release|Any CPU
	EndGlobalSection
	GlobalSection(ProjectConfigurationPlatforms) = postSolution
		{323E7B87-49EF-53EE-95B3-FCD217DF064B}.Debug|Any CPU.ActiveCfg = Debug|Any CPU
		{323E7B87-49EF-53EE-95B3-FCD217DF064B}.Debug|Any CPU.Build.0 = Debug|Any CPU
		{323E7B87-49EF-53EE-95B3-FCD217DF064B}.Release|Any CPU.ActiveCfg = Release|Any CPU
		{323E7B87-49EF-53EE-95B3-FCD217DF064B}.Release|Any CPU.Build.0 = Release|Any CPU
	EndGlobalSection
	GlobalSection(SolutionProperties) = preSolution
		HideSolutionNode = FALSE
	EndGlobalSection
	GlobalSection(ExtensibilityGlobals) = postSolution
		SolutionGuid = {A37F1E52-54D9-4CA4-956A-9D87533687E5}
	EndGlobalSection
EndGlobal
